// !$*UTF8*$!
{
	archiveVersion = 1;
	classes = {
	};
	objectVersion = 50;
	objects = {

/* Begin PBXBuildFile section */
		2980954D2411F14800DF49D2 /* AppDelegate.swift in Sources */ = {isa = PBXBuildFile; fileRef = 2980954C2411F14800DF49D2 /* AppDelegate.swift */; };
		2980954F2411F14800DF49D2 /* SceneDelegate.swift in Sources */ = {isa = PBXBuildFile; fileRef = 2980954E2411F14800DF49D2 /* SceneDelegate.swift */; };
		298095512411F14800DF49D2 /* ContentView.swift in Sources */ = {isa = PBXBuildFile; fileRef = 298095502411F14800DF49D2 /* ContentView.swift */; };
		298095532411F14C00DF49D2 /* Assets.xcassets in Resources */ = {isa = PBXBuildFile; fileRef = 298095522411F14C00DF49D2 /* Assets.xcassets */; };
		298095562411F14C00DF49D2 /* Preview Assets.xcassets in Resources */ = {isa = PBXBuildFile; fileRef = 298095552411F14C00DF49D2 /* Preview Assets.xcassets */; };
		298095592411F14C00DF49D2 /* LaunchScreen.storyboard in Resources */ = {isa = PBXBuildFile; fileRef = 298095572411F14C00DF49D2 /* LaunchScreen.storyboard */; };
		298095642411F14C00DF49D2 /* coremlTests.swift in Sources */ = {isa = PBXBuildFile; fileRef = 298095632411F14C00DF49D2 /* coremlTests.swift */; };
		2980956F2411F14C00DF49D2 /* coremlUITests.swift in Sources */ = {isa = PBXBuildFile; fileRef = 2980956E2411F14C00DF49D2 /* coremlUITests.swift */; };
		298095822412175D00DF49D2 /* ViewController.swift in Sources */ = {isa = PBXBuildFile; fileRef = 298095812412175D00DF49D2 /* ViewController.swift */; };
/* End PBXBuildFile section */

/* Begin PBXContainerItemProxy section */
		298095602411F14C00DF49D2 /* PBXContainerItemProxy */ = {
			isa = PBXContainerItemProxy;
			containerPortal = 298095412411F14700DF49D2 /* Project object */;
			proxyType = 1;
			remoteGlobalIDString = 298095482411F14700DF49D2;
			remoteInfo = coreml;
		};
		2980956B2411F14C00DF49D2 /* PBXContainerItemProxy */ = {
			isa = PBXContainerItemProxy;
			containerPortal = 298095412411F14700DF49D2 /* Project object */;
			proxyType = 1;
			remoteGlobalIDString = 298095482411F14700DF49D2;
			remoteInfo = coreml;
		};
/* End PBXContainerItemProxy section */

/* Begin PBXFileReference section */
		298095492411F14700DF49D2 /* coreml.app */ = {isa = PBXFileReference; explicitFileType = wrapper.application; includeInIndex = 0; path = coreml.app; sourceTree = BUILT_PRODUCTS_DIR; };
		2980954C2411F14800DF49D2 /* AppDelegate.swift */ = {isa = PBXFileReference; lastKnownFileType = sourcecode.swift; path = AppDelegate.swift; sourceTree = "<group>"; };
		2980954E2411F14800DF49D2 /* SceneDelegate.swift */ = {isa = PBXFileReference; lastKnownFileType = sourcecode.swift; path = SceneDelegate.swift; sourceTree = "<group>"; };
		298095502411F14800DF49D2 /* ContentView.swift */ = {isa = PBXFileReference; lastKnownFileType = sourcecode.swift; path = ContentView.swift; sourceTree = "<group>"; };
		298095522411F14C00DF49D2 /* Assets.xcassets */ = {isa = PBXFileReference; lastKnownFileType = folder.assetcatalog; path = Assets.xcassets; sourceTree = "<group>"; };
		298095552411F14C00DF49D2 /* Preview Assets.xcassets */ = {isa = PBXFileReference; lastKnownFileType = folder.assetcatalog; path = "Preview Assets.xcassets"; sourceTree = "<group>"; };
		298095582411F14C00DF49D2 /* Base */ = {isa = PBXFileReference; lastKnownFileType = file.storyboard; name = Base; path = Base.lproj/LaunchScreen.storyboard; sourceTree = "<group>"; };
		2980955A2411F14C00DF49D2 /* Info.plist */ = {isa = PBXFileReference; lastKnownFileType = text.plist.xml; path = Info.plist; sourceTree = "<group>"; };
		2980955F2411F14C00DF49D2 /* coremlTests.xctest */ = {isa = PBXFileReference; explicitFileType = wrapper.cfbundle; includeInIndex = 0; path = coremlTests.xctest; sourceTree = BUILT_PRODUCTS_DIR; };
		298095632411F14C00DF49D2 /* coremlTests.swift */ = {isa = PBXFileReference; lastKnownFileType = sourcecode.swift; path = coremlTests.swift; sourceTree = "<group>"; };
		298095652411F14C00DF49D2 /* Info.plist */ = {isa = PBXFileReference; lastKnownFileType = text.plist.xml; path = Info.plist; sourceTree = "<group>"; };
		2980956A2411F14C00DF49D2 /* coremlUITests.xctest */ = {isa = PBXFileReference; explicitFileType = wrapper.cfbundle; includeInIndex = 0; path = coremlUITests.xctest; sourceTree = BUILT_PRODUCTS_DIR; };
		2980956E2411F14C00DF49D2 /* coremlUITests.swift */ = {isa = PBXFileReference; lastKnownFileType = sourcecode.swift; path = coremlUITests.swift; sourceTree = "<group>"; };
		298095702411F14C00DF49D2 /* Info.plist */ = {isa = PBXFileReference; lastKnownFileType = text.plist.xml; path = Info.plist; sourceTree = "<group>"; };
		2980957E2411F2AE00DF49D2 /* SqueezeNet.mlmodel */ = {isa = PBXFileReference; lastKnownFileType = file.mlmodel; path = SqueezeNet.mlmodel; sourceTree = "<group>"; };
		298095812412175D00DF49D2 /* ViewController.swift */ = {isa = PBXFileReference; fileEncoding = 4; lastKnownFileType = sourcecode.swift; path = ViewController.swift; sourceTree = "<group>"; };
/* End PBXFileReference section */

/* Begin PBXFrameworksBuildPhase section */
		298095462411F14700DF49D2 /* Frameworks */ = {
			isa = PBXFrameworksBuildPhase;
			buildActionMask = 2147483647;
			files = (
			);
			runOnlyForDeploymentPostprocessing = 0;
		};
		2980955C2411F14C00DF49D2 /* Frameworks */ = {
			isa = PBXFrameworksBuildPhase;
			buildActionMask = 2147483647;
			files = (
			);
			runOnlyForDeploymentPostprocessing = 0;
		};
		298095672411F14C00DF49D2 /* Frameworks */ = {
			isa = PBXFrameworksBuildPhase;
			buildActionMask = 2147483647;
			files = (
			);
			runOnlyForDeploymentPostprocessing = 0;
		};
/* End PBXFrameworksBuildPhase section */

/* Begin PBXGroup section */
		298095402411F14700DF49D2 = {
			isa = PBXGroup;
			children = (
				2980954B2411F14700DF49D2 /* coreml */,
				298095622411F14C00DF49D2 /* coremlTests */,
				2980956D2411F14C00DF49D2 /* coremlUITests */,
				2980954A2411F14700DF49D2 /* Products */,
			);
			sourceTree = "<group>";
		};
		2980954A2411F14700DF49D2 /* Products */ = {
			isa = PBXGroup;
			children = (
				298095492411F14700DF49D2 /* coreml.app */,
				2980955F2411F14C00DF49D2 /* coremlTests.xctest */,
				2980956A2411F14C00DF49D2 /* coremlUITests.xctest */,
			);
			name = Products;
			sourceTree = "<group>";
		};
		2980954B2411F14700DF49D2 /* coreml */ = {
			isa = PBXGroup;
			children = (
				298095812412175D00DF49D2 /* ViewController.swift */,
				2980954C2411F14800DF49D2 /* AppDelegate.swift */,
				2980954E2411F14800DF49D2 /* SceneDelegate.swift */,
				298095502411F14800DF49D2 /* ContentView.swift */,
				298095522411F14C00DF49D2 /* Assets.xcassets */,
				298095572411F14C00DF49D2 /* LaunchScreen.storyboard */,
				2980957E2411F2AE00DF49D2 /* SqueezeNet.mlmodel */,
				2980955A2411F14C00DF49D2 /* Info.plist */,
				298095542411F14C00DF49D2 /* Preview Content */,
			);
			path = coreml;
			sourceTree = "<group>";
		};
		298095542411F14C00DF49D2 /* Preview Content */ = {
			isa = PBXGroup;
			children = (
				298095552411F14C00DF49D2 /* Preview Assets.xcassets */,
			);
			path = "Preview Content";
			sourceTree = "<group>";
		};
		298095622411F14C00DF49D2 /* coremlTests */ = {
			isa = PBXGroup;
			children = (
				298095632411F14C00DF49D2 /* coremlTests.swift */,
				298095652411F14C00DF49D2 /* Info.plist */,
			);
			path = coremlTests;
			sourceTree = "<group>";
		};
		2980956D2411F14C00DF49D2 /* coremlUITests */ = {
			isa = PBXGroup;
			children = (
				2980956E2411F14C00DF49D2 /* coremlUITests.swift */,
				298095702411F14C00DF49D2 /* Info.plist */,
			);
			path = coremlUITests;
			sourceTree = "<group>";
		};
/* End PBXGroup section */

/* Begin PBXNativeTarget section */
		298095482411F14700DF49D2 /* coreml */ = {
			isa = PBXNativeTarget;
			buildConfigurationList = 298095732411F14C00DF49D2 /* Build configuration list for PBXNativeTarget "coreml" */;
			buildPhases = (
				298095452411F14700DF49D2 /* Sources */,
				298095462411F14700DF49D2 /* Frameworks */,
				298095472411F14700DF49D2 /* Resources */,
			);
			buildRules = (
			);
			dependencies = (
			);
			name = coreml;
			productName = coreml;
			productReference = 298095492411F14700DF49D2 /* coreml.app */;
			productType = "com.apple.product-type.application";
		};
		2980955E2411F14C00DF49D2 /* coremlTests */ = {
			isa = PBXNativeTarget;
			buildConfigurationList = 298095762411F14C00DF49D2 /* Build configuration list for PBXNativeTarget "coremlTests" */;
			buildPhases = (
				2980955B2411F14C00DF49D2 /* Sources */,
				2980955C2411F14C00DF49D2 /* Frameworks */,
				2980955D2411F14C00DF49D2 /* Resources */,
			);
			buildRules = (
			);
			dependencies = (
				298095612411F14C00DF49D2 /* PBXTargetDependency */,
			);
			name = coremlTests;
			productName = coremlTests;
			productReference = 2980955F2411F14C00DF49D2 /* coremlTests.xctest */;
			productType = "com.apple.product-type.bundle.unit-test";
		};
		298095692411F14C00DF49D2 /* coremlUITests */ = {
			isa = PBXNativeTarget;
			buildConfigurationList = 298095792411F14C00DF49D2 /* Build configuration list for PBXNativeTarget "coremlUITests" */;
			buildPhases = (
				298095662411F14C00DF49D2 /* Sources */,
				298095672411F14C00DF49D2 /* Frameworks */,
				298095682411F14C00DF49D2 /* Resources */,
			);
			buildRules = (
			);
			dependencies = (
				2980956C2411F14C00DF49D2 /* PBXTargetDependency */,
			);
			name = coremlUITests;
			productName = coremlUITests;
			productReference = 2980956A2411F14C00DF49D2 /* coremlUITests.xctest */;
			productType = "com.apple.product-type.bundle.ui-testing";
		};
/* End PBXNativeTarget section */

/* Begin PBXProject section */
		298095412411F14700DF49D2 /* Project object */ = {
			isa = PBXProject;
			attributes = {
				LastSwiftUpdateCheck = 1130;
				LastUpgradeCheck = 1130;
				ORGANIZATIONNAME = ax;
				TargetAttributes = {
					298095482411F14700DF49D2 = {
						CreatedOnToolsVersion = 11.3.1;
					};
					2980955E2411F14C00DF49D2 = {
						CreatedOnToolsVersion = 11.3.1;
						TestTargetID = 298095482411F14700DF49D2;
					};
					298095692411F14C00DF49D2 = {
						CreatedOnToolsVersion = 11.3.1;
						TestTargetID = 298095482411F14700DF49D2;
					};
				};
			};
			buildConfigurationList = 298095442411F14700DF49D2 /* Build configuration list for PBXProject "coreml" */;
			compatibilityVersion = "Xcode 9.3";
			developmentRegion = en;
			hasScannedForEncodings = 0;
			knownRegions = (
				en,
				Base,
			);
			mainGroup = 298095402411F14700DF49D2;
			productRefGroup = 2980954A2411F14700DF49D2 /* Products */;
			projectDirPath = "";
			projectRoot = "";
			targets = (
				298095482411F14700DF49D2 /* coreml */,
				2980955E2411F14C00DF49D2 /* coremlTests */,
				298095692411F14C00DF49D2 /* coremlUITests */,
			);
		};
/* End PBXProject section */

/* Begin PBXResourcesBuildPhase section */
		298095472411F14700DF49D2 /* Resources */ = {
			isa = PBXResourcesBuildPhase;
			buildActionMask = 2147483647;
			files = (
				298095592411F14C00DF49D2 /* LaunchScreen.storyboard in Resources */,
				298095562411F14C00DF49D2 /* Preview Assets.xcassets in Resources */,
				298095532411F14C00DF49D2 /* Assets.xcassets in Resources */,
			);
			runOnlyForDeploymentPostprocessing = 0;
		};
		2980955D2411F14C00DF49D2 /* Resources */ = {
			isa = PBXResourcesBuildPhase;
			buildActionMask = 2147483647;
			files = (
			);
			runOnlyForDeploymentPostprocessing = 0;
		};
		298095682411F14C00DF49D2 /* Resources */ = {
			isa = PBXResourcesBuildPhase;
			buildActionMask = 2147483647;
			files = (
			);
			runOnlyForDeploymentPostprocessing = 0;
		};
/* End PBXResourcesBuildPhase section */

/* Begin PBXSourcesBuildPhase section */
		298095452411F14700DF49D2 /* Sources */ = {
			isa = PBXSourcesBuildPhase;
			buildActionMask = 2147483647;
			files = (
				298095822412175D00DF49D2 /* ViewController.swift in Sources */,
				2980954D2411F14800DF49D2 /* AppDelegate.swift in Sources */,
				2980954F2411F14800DF49D2 /* SceneDelegate.swift in Sources */,
				298095512411F14800DF49D2 /* ContentView.swift in Sources */,
			);
			runOnlyForDeploymentPostprocessing = 0;
		};
		2980955B2411F14C00DF49D2 /* Sources */ = {
			isa = PBXSourcesBuildPhase;
			buildActionMask = 2147483647;
			files = (
				298095642411F14C00DF49D2 /* coremlTests.swift in Sources */,
			);
			runOnlyForDeploymentPostprocessing = 0;
		};
		298095662411F14C00DF49D2 /* Sources */ = {
			isa = PBXSourcesBuildPhase;
			buildActionMask = 2147483647;
			files = (
				2980956F2411F14C00DF49D2 /* coremlUITests.swift in Sources */,
			);
			runOnlyForDeploymentPostprocessing = 0;
		};
/* End PBXSourcesBuildPhase section */

/* Begin PBXTargetDependency section */
		298095612411F14C00DF49D2 /* PBXTargetDependency */ = {
			isa = PBXTargetDependency;
			target = 298095482411F14700DF49D2 /* coreml */;
			targetProxy = 298095602411F14C00DF49D2 /* PBXContainerItemProxy */;
		};
		2980956C2411F14C00DF49D2 /* PBXTargetDependency */ = {
			isa = PBXTargetDependency;
			target = 298095482411F14700DF49D2 /* coreml */;
			targetProxy = 2980956B2411F14C00DF49D2 /* PBXContainerItemProxy */;
		};
/* End PBXTargetDependency section */

/* Begin PBXVariantGroup section */
		298095572411F14C00DF49D2 /* LaunchScreen.storyboard */ = {
			isa = PBXVariantGroup;
			children = (
				298095582411F14C00DF49D2 /* Base */,
			);
			name = LaunchScreen.storyboard;
			sourceTree = "<group>";
		};
/* End PBXVariantGroup section */

/* Begin XCBuildConfiguration section */
		298095712411F14C00DF49D2 /* Debug */ = {
			isa = XCBuildConfiguration;
			buildSettings = {
				ALWAYS_SEARCH_USER_PATHS = NO;
				CLANG_ANALYZER_NONNULL = YES;
				CLANG_ANALYZER_NUMBER_OBJECT_CONVERSION = YES_AGGRESSIVE;
				CLANG_CXX_LANGUAGE_STANDARD = "gnu++14";
				CLANG_CXX_LIBRARY = "libc++";
				CLANG_ENABLE_MODULES = YES;
				CLANG_ENABLE_OBJC_ARC = YES;
				CLANG_ENABLE_OBJC_WEAK = YES;
				CLANG_WARN_BLOCK_CAPTURE_AUTORELEASING = YES;
				CLANG_WARN_BOOL_CONVERSION = YES;
				CLANG_WARN_COMMA = YES;
				CLANG_WARN_CONSTANT_CONVERSION = YES;
				CLANG_WARN_DEPRECATED_OBJC_IMPLEMENTATIONS = YES;
				CLANG_WARN_DIRECT_OBJC_ISA_USAGE = YES_ERROR;
				CLANG_WARN_DOCUMENTATION_COMMENTS = YES;
				CLANG_WARN_EMPTY_BODY = YES;
				CLANG_WARN_ENUM_CONVERSION = YES;
				CLANG_WARN_INFINITE_RECURSION = YES;
				CLANG_WARN_INT_CONVERSION = YES;
				CLANG_WARN_NON_LITERAL_NULL_CONVERSION = YES;
				CLANG_WARN_OBJC_IMPLICIT_RETAIN_SELF = YES;
				CLANG_WARN_OBJC_LITERAL_CONVERSION = YES;
				CLANG_WARN_OBJC_ROOT_CLASS = YES_ERROR;
				CLANG_WARN_RANGE_LOOP_ANALYSIS = YES;
				CLANG_WARN_STRICT_PROTOTYPES = YES;
				CLANG_WARN_SUSPICIOUS_MOVE = YES;
				CLANG_WARN_UNGUARDED_AVAILABILITY = YES_AGGRESSIVE;
				CLANG_WARN_UNREACHABLE_CODE = YES;
				CLANG_WARN__DUPLICATE_METHOD_MATCH = YES;
				COPY_PHASE_STRIP = NO;
				DEBUG_INFORMATION_FORMAT = dwarf;
				ENABLE_STRICT_OBJC_MSGSEND = YES;
				ENABLE_TESTABILITY = YES;
				GCC_C_LANGUAGE_STANDARD = gnu11;
				GCC_DYNAMIC_NO_PIC = NO;
				GCC_NO_COMMON_BLOCKS = YES;
				GCC_OPTIMIZATION_LEVEL = 0;
				GCC_PREPROCESSOR_DEFINITIONS = (
					"DEBUG=1",
					"$(inherited)",
				);
				GCC_WARN_64_TO_32_BIT_CONVERSION = YES;
				GCC_WARN_ABOUT_RETURN_TYPE = YES_ERROR;
				GCC_WARN_UNDECLARED_SELECTOR = YES;
				GCC_WARN_UNINITIALIZED_AUTOS = YES_AGGRESSIVE;
				GCC_WARN_UNUSED_FUNCTION = YES;
				GCC_WARN_UNUSED_VARIABLE = YES;
				IPHONEOS_DEPLOYMENT_TARGET = 13.2;
				MTL_ENABLE_DEBUG_INFO = INCLUDE_SOURCE;
				MTL_FAST_MATH = YES;
				ONLY_ACTIVE_ARCH = YES;
				SDKROOT = iphoneos;
				SWIFT_ACTIVE_COMPILATION_CONDITIONS = DEBUG;
				SWIFT_OPTIMIZATION_LEVEL = "-Onone";
			};
			name = Debug;
		};
		298095722411F14C00DF49D2 /* Release */ = {
			isa = XCBuildConfiguration;
			buildSettings = {
				ALWAYS_SEARCH_USER_PATHS = NO;
				CLANG_ANALYZER_NONNULL = YES;
				CLANG_ANALYZER_NUMBER_OBJECT_CONVERSION = YES_AGGRESSIVE;
				CLANG_CXX_LANGUAGE_STANDARD = "gnu++14";
				CLANG_CXX_LIBRARY = "libc++";
				CLANG_ENABLE_MODULES = YES;
				CLANG_ENABLE_OBJC_ARC = YES;
				CLANG_ENABLE_OBJC_WEAK = YES;
				CLANG_WARN_BLOCK_CAPTURE_AUTORELEASING = YES;
				CLANG_WARN_BOOL_CONVERSION = YES;
				CLANG_WARN_COMMA = YES;
				CLANG_WARN_CONSTANT_CONVERSION = YES;
				CLANG_WARN_DEPRECATED_OBJC_IMPLEMENTATIONS = YES;
				CLANG_WARN_DIRECT_OBJC_ISA_USAGE = YES_ERROR;
				CLANG_WARN_DOCUMENTATION_COMMENTS = YES;
				CLANG_WARN_EMPTY_BODY = YES;
				CLANG_WARN_ENUM_CONVERSION = YES;
				CLANG_WARN_INFINITE_RECURSION = YES;
				CLANG_WARN_INT_CONVERSION = YES;
				CLANG_WARN_NON_LITERAL_NULL_CONVERSION = YES;
				CLANG_WARN_OBJC_IMPLICIT_RETAIN_SELF = YES;
				CLANG_WARN_OBJC_LITERAL_CONVERSION = YES;
				CLANG_WARN_OBJC_ROOT_CLASS = YES_ERROR;
				CLANG_WARN_RANGE_LOOP_ANALYSIS = YES;
				CLANG_WARN_STRICT_PROTOTYPES = YES;
				CLANG_WARN_SUSPICIOUS_MOVE = YES;
				CLANG_WARN_UNGUARDED_AVAILABILITY = YES_AGGRESSIVE;
				CLANG_WARN_UNREACHABLE_CODE = YES;
				CLANG_WARN__DUPLICATE_METHOD_MATCH = YES;
				COPY_PHASE_STRIP = NO;
				DEBUG_INFORMATION_FORMAT = "dwarf-with-dsym";
				ENABLE_NS_ASSERTIONS = NO;
				ENABLE_STRICT_OBJC_MSGSEND = YES;
				GCC_C_LANGUAGE_STANDARD = gnu11;
				GCC_NO_COMMON_BLOCKS = YES;
				GCC_WARN_64_TO_32_BIT_CONVERSION = YES;
				GCC_WARN_ABOUT_RETURN_TYPE = YES_ERROR;
				GCC_WARN_UNDECLARED_SELECTOR = YES;
				GCC_WARN_UNINITIALIZED_AUTOS = YES_AGGRESSIVE;
				GCC_WARN_UNUSED_FUNCTION = YES;
				GCC_WARN_UNUSED_VARIABLE = YES;
				IPHONEOS_DEPLOYMENT_TARGET = 13.2;
				MTL_ENABLE_DEBUG_INFO = NO;
				MTL_FAST_MATH = YES;
				SDKROOT = iphoneos;
				SWIFT_COMPILATION_MODE = wholemodule;
				SWIFT_OPTIMIZATION_LEVEL = "-O";
				VALIDATE_PRODUCT = YES;
			};
			name = Release;
		};
		298095742411F14C00DF49D2 /* Debug */ = {
			isa = XCBuildConfiguration;
			buildSettings = {
				ASSETCATALOG_COMPILER_APPICON_NAME = AppIcon;
				CODE_SIGN_STYLE = Automatic;
				DEVELOPMENT_ASSET_PATHS = "\"coreml/Preview Content\"";
				ENABLE_PREVIEWS = YES;
				INFOPLIST_FILE = coreml/Info.plist;
				LD_RUNPATH_SEARCH_PATHS = (
					"$(inherited)",
					"@executable_path/Frameworks",
				);
				PRODUCT_BUNDLE_IDENTIFIER = ax.coreml;
				PRODUCT_NAME = "$(TARGET_NAME)";
				SWIFT_VERSION = 5.0;
				TARGETED_DEVICE_FAMILY = "1,2";
			};
			name = Debug;
		};
		298095752411F14C00DF49D2 /* Release */ = {
			isa = XCBuildConfiguration;
			buildSettings = {
				ASSETCATALOG_COMPILER_APPICON_NAME = AppIcon;
				CODE_SIGN_STYLE = Automatic;
				DEVELOPMENT_ASSET_PATHS = "\"coreml/Preview Content\"";
				ENABLE_PREVIEWS = YES;
				INFOPLIST_FILE = coreml/Info.plist;
				LD_RUNPATH_SEARCH_PATHS = (
					"$(inherited)",
					"@executable_path/Frameworks",
				);
				PRODUCT_BUNDLE_IDENTIFIER = ax.coreml;
				PRODUCT_NAME = "$(TARGET_NAME)";
				SWIFT_VERSION = 5.0;
				TARGETED_DEVICE_FAMILY = "1,2";
			};
			name = Release;
		};
		298095772411F14C00DF49D2 /* Debug */ = {
			isa = XCBuildConfiguration;
			buildSettings = {
				ALWAYS_EMBED_SWIFT_STANDARD_LIBRARIES = YES;
				BUNDLE_LOADER = "$(TEST_HOST)";
				CODE_SIGN_STYLE = Automatic;
				INFOPLIST_FILE = coremlTests/Info.plist;
				IPHONEOS_DEPLOYMENT_TARGET = 13.2;
				LD_RUNPATH_SEARCH_PATHS = (
					"$(inherited)",
					"@executable_path/Frameworks",
					"@loader_path/Frameworks",
				);
				PRODUCT_BUNDLE_IDENTIFIER = ax.coremlTests;
				PRODUCT_NAME = "$(TARGET_NAME)";
				SWIFT_VERSION = 5.0;
				TARGETED_DEVICE_FAMILY = "1,2";
				TEST_HOST = "$(BUILT_PRODUCTS_DIR)/coreml.app/coreml";
			};
			name = Debug;
		};
		298095782411F14C00DF49D2 /* Release */ = {
			isa = XCBuildConfiguration;
			buildSettings = {
				ALWAYS_EMBED_SWIFT_STANDARD_LIBRARIES = YES;
				BUNDLE_LOADER = "$(TEST_HOST)";
				CODE_SIGN_STYLE = Automatic;
				INFOPLIST_FILE = coremlTests/Info.plist;
				IPHONEOS_DEPLOYMENT_TARGET = 13.2;
				LD_RUNPATH_SEARCH_PATHS = (
					"$(inherited)",
					"@executable_path/Frameworks",
					"@loader_path/Frameworks",
				);
				PRODUCT_BUNDLE_IDENTIFIER = ax.coremlTests;
				PRODUCT_NAME = "$(TARGET_NAME)";
				SWIFT_VERSION = 5.0;
				TARGETED_DEVICE_FAMILY = "1,2";
				TEST_HOST = "$(BUILT_PRODUCTS_DIR)/coreml.app/coreml";
			};
			name = Release;
		};
		2980957A2411F14C00DF49D2 /* Debug */ = {
			isa = XCBuildConfiguration;
			buildSettings = {
				ALWAYS_EMBED_SWIFT_STANDARD_LIBRARIES = YES;
				CODE_SIGN_STYLE = Automatic;
				INFOPLIST_FILE = coremlUITests/Info.plist;
				LD_RUNPATH_SEARCH_PATHS = (
					"$(inherited)",
					"@executable_path/Frameworks",
					"@loader_path/Frameworks",
				);
				PRODUCT_BUNDLE_IDENTIFIER = ax.coremlUITests;
				PRODUCT_NAME = "$(TARGET_NAME)";
				SWIFT_VERSION = 5.0;
				TARGETED_DEVICE_FAMILY = "1,2";
				TEST_TARGET_NAME = coreml;
			};
			name = Debug;
		};
		2980957B2411F14C00DF49D2 /* Release */ = {
			isa = XCBuildConfiguration;
			buildSettings = {
				ALWAYS_EMBED_SWIFT_STANDARD_LIBRARIES = YES;
				CODE_SIGN_STYLE = Automatic;
				INFOPLIST_FILE = coremlUITests/Info.plist;
				LD_RUNPATH_SEARCH_PATHS = (
					"$(inherited)",
					"@executable_path/Frameworks",
					"@loader_path/Frameworks",
				);
				PRODUCT_BUNDLE_IDENTIFIER = ax.coremlUITests;
				PRODUCT_NAME = "$(TARGET_NAME)";
				SWIFT_VERSION = 5.0;
				TARGETED_DEVICE_FAMILY = "1,2";
				TEST_TARGET_NAME = coreml;
			};
			name = Release;
		};
/* End XCBuildConfiguration section */

/* Begin XCConfigurationList section */
		298095442411F14700DF49D2 /* Build configuration list for PBXProject "coreml" */ = {
			isa = XCConfigurationList;
			buildConfigurations = (
				298095712411F14C00DF49D2 /* Debug */,
				298095722411F14C00DF49D2 /* Release */,
			);
			defaultConfigurationIsVisible = 0;
			defaultConfigurationName = Release;
		};
		298095732411F14C00DF49D2 /* Build configuration list for PBXNativeTarget "coreml" */ = {
			isa = XCConfigurationList;
			buildConfigurations = (
				298095742411F14C00DF49D2 /* Debug */,
				298095752411F14C00DF49D2 /* Release */,
			);
			defaultConfigurationIsVisible = 0;
			defaultConfigurationName = Release;
		};
		298095762411F14C00DF49D2 /* Build configuration list for PBXNativeTarget "coremlTests" */ = {
			isa = XCConfigurationList;
			buildConfigurations = (
				298095772411F14C00DF49D2 /* Debug */,
				298095782411F14C00DF49D2 /* Release */,
			);
			defaultConfigurationIsVisible = 0;
			defaultConfigurationName = Release;
		};
		298095792411F14C00DF49D2 /* Build configuration list for PBXNativeTarget "coremlUITests" */ = {
			isa = XCConfigurationList;
			buildConfigurations = (
				2980957A2411F14C00DF49D2 /* Debug */,
				2980957B2411F14C00DF49D2 /* Release */,
			);
			defaultConfigurationIsVisible = 0;
			defaultConfigurationName = Release;
		};
/* End XCConfigurationList section */
	};
	rootObject = 298095412411F14700DF49D2 /* Project object */;
}
